
Microsoft Visual Studio Solution File, Format Version 12.00
# Visual Studio Version 16
VisualStudioVersion = 16.0.28917.181
MinimumVisualStudioVersion = 10.0.40219.1
Project("{2150E333-8FDC-42A3-9474-1A3956D46DE8}") = "Common", "Common", "{482B053D-FA24-4E7B-B12A-38BD16A14ACB}"
EndProject
Project("{2150E333-8FDC-42A3-9474-1A3956D46DE8}") = "Service", "Service", "{340A15B7-07E3-4D3D-B694-90F3D819C631}"
EndProject
Project("{2150E333-8FDC-42A3-9474-1A3956D46DE8}") = "Web", "Web", "{1137BDE2-47EF-4B1B-981C-46F096E3B0F8}"
EndProject
Project("{2150E333-8FDC-42A3-9474-1A3956D46DE8}") = "WebArea", "WebArea", "{4EEAE014-8A1A-433B-B96C-3741974BAE67}"
EndProject
Project("{2150E333-8FDC-42A3-9474-1A3956D46DE8}") = "Library", "Library", "{4B5CEC60-82F3-4AA7-A382-CEA7462F1943}"
EndProject
Project("{FAE04EC0-301F-11D3-BF4B-00C04F79EFBC}") = "CommonLibrary", "CommonLibrary\CommonLibrary.csproj", "{83A12D6B-61D9-4A95-9C34-31A0C1EA5B3B}"
EndProject
Project("{FAE04EC0-301F-11D3-BF4B-00C04F79EFBC}") = "Entity", "Entity\Entity.csproj", "{CA057D18-5FBF-416A-9ABF-5932B1BD5A3B}"
EndProject
Project("{FAE04EC0-301F-11D3-BF4B-00C04F79EFBC}") = "WebLibrary", "WebLibrary\WebLibrary.csproj", "{FD43938A-F9C8-453E-AD07-A20C72B7B59F}"
EndProject
Project("{FAE04EC0-301F-11D3-BF4B-00C04F79EFBC}") = "PortalService.Contract", "PortalService.Contract\PortalService.Contract.csproj", "{D86D3573-C0D8-4572-8EF9-954F47491FB8}"
EndProject
Project("{FAE04EC0-301F-11D3-BF4B-00C04F79EFBC}") = "PortalService.Impl", "PortalService.Impl\PortalService.Impl.csproj", "{A43914BB-85F7-474D-B60D-26B0F74C5F52}"
EndProject
Project("{FAE04EC0-301F-11D3-BF4B-00C04F79EFBC}") = "PortalService.FlowProcess", "PortalService.FlowProcess\PortalService.FlowProcess.csproj", "{5791AFFB-586A-4D7B-8918-9EA703D99177}"
EndProject
Project("{FAE04EC0-301F-11D3-BF4B-00C04F79EFBC}") = "PortalService", "PortalService\PortalService.csproj", "{FCEB2924-EF4A-4DAA-AD07-82257DC277A7}"
EndProject
Project("{FAE04EC0-301F-11D3-BF4B-00C04F79EFBC}") = "PortalWeb", "PortalWeb\PortalWeb.csproj", "{8F5FD05C-5DF2-4489-B82F-23A7D9ED8F41}"
EndProject
Project("{FAE04EC0-301F-11D3-BF4B-00C04F79EFBC}") = "PortalWeb.SystemConfig", "PortalWeb\PortalWeb.SystemConfig.csproj", "{B0E9DEA7-577B-4C7B-BE5F-1880FD6050B9}"
EndProject
Project("{FAE04EC0-301F-11D3-BF4B-00C04F79EFBC}") = "ConnectionStrGenerator", "ConnectionStrGenerator\ConnectionStrGenerator.csproj", "{21A558AE-9191-48EA-B77C-3D622AEAE3E6}"
EndProject
Global
	GlobalSection(SolutionConfigurationPlatforms) = preSolution
		Debug|Any CPU = Debug|Any CPU
		Release|Any CPU = Release|Any CPU
	EndGlobalSection
	GlobalSection(ProjectConfigurationPlatforms) = postSolution
		{83A12D6B-61D9-4A95-9C34-31A0C1EA5B3B}.Debug|Any CPU.ActiveCfg = Debug|Any CPU
		{83A12D6B-61D9-4A95-9C34-31A0C1EA5B3B}.Debug|Any CPU.Build.0 = Debug|Any CPU
		{83A12D6B-61D9-4A95-9C34-31A0C1EA5B3B}.Release|Any CPU.ActiveCfg = Release|Any CPU
		{83A12D6B-61D9-4A95-9C34-31A0C1EA5B3B}.Release|Any CPU.Build.0 = Release|Any CPU
		{CA057D18-5FBF-416A-9ABF-5932B1BD5A3B}.Debug|Any CPU.ActiveCfg = Debug|Any CPU
		{CA057D18-5FBF-416A-9ABF-5932B1BD5A3B}.Debug|Any CPU.Build.0 = Debug|Any CPU
		{CA057D18-5FBF-416A-9ABF-5932B1BD5A3B}.Release|Any CPU.ActiveCfg = Release|Any CPU
		{CA057D18-5FBF-416A-9ABF-5932B1BD5A3B}.Release|Any CPU.Build.0 = Release|Any CPU
		{FD43938A-F9C8-453E-AD07-A20C72B7B59F}.Debug|Any CPU.ActiveCfg = Debug|Any CPU
		{FD43938A-F9C8-453E-AD07-A20C72B7B59F}.Debug|Any CPU.Build.0 = Debug|Any CPU
		{FD43938A-F9C8-453E-AD07-A20C72B7B59F}.Release|Any CPU.ActiveCfg = Release|Any CPU
		{FD43938A-F9C8-453E-AD07-A20C72B7B59F}.Release|Any CPU.Build.0 = Release|Any CPU
		{D86D3573-C0D8-4572-8EF9-954F47491FB8}.Debug|Any CPU.ActiveCfg = Debug|Any CPU
		{D86D3573-C0D8-4572-8EF9-954F47491FB8}.Debug|Any CPU.Build.0 = Debug|Any CPU
		{D86D3573-C0D8-4572-8EF9-954F47491FB8}.Release|Any CPU.ActiveCfg = Release|Any CPU
		{D86D3573-C0D8-4572-8EF9-954F47491FB8}.Release|Any CPU.Build.0 = Release|Any CPU
		{A43914BB-85F7-474D-B60D-26B0F74C5F52}.Debug|Any CPU.ActiveCfg = Debug|Any CPU
		{A43914BB-85F7-474D-B60D-26B0F74C5F52}.Debug|Any CPU.Build.0 = Debug|Any CPU
		{A43914BB-85F7-474D-B60D-26B0F74C5F52}.Release|Any CPU.ActiveCfg = Release|Any CPU
		{A43914BB-85F7-474D-B60D-26B0F74C5F52}.Release|Any CPU.Build.0 = Release|Any CPU
		{5791AFFB-586A-4D7B-8918-9EA703D99177}.Debug|Any CPU.ActiveCfg = Debug|Any CPU
		{5791AFFB-586A-4D7B-8918-9EA703D99177}.Debug|Any CPU.Build.0 = Debug|Any CPU
		{5791AFFB-586A-4D7B-8918-9EA703D99177}.Release|Any CPU.ActiveCfg = Release|Any CPU
		{5791AFFB-586A-4D7B-8918-9EA703D99177}.Release|Any CPU.Build.0 = Release|Any CPU
		{FCEB2924-EF4A-4DAA-AD07-82257DC277A7}.Debug|Any CPU.ActiveCfg = Debug|Any CPU
		{FCEB2924-EF4A-4DAA-AD07-82257DC277A7}.Debug|Any CPU.Build.0 = Debug|Any CPU
		{FCEB2924-EF4A-4DAA-AD07-82257DC277A7}.Release|Any CPU.ActiveCfg = Release|Any CPU
		{FCEB2924-EF4A-4DAA-AD07-82257DC277A7}.Release|Any CPU.Build.0 = Release|Any CPU
		{8F5FD05C-5DF2-4489-B82F-23A7D9ED8F41}.Debug|Any CPU.ActiveCfg = Debug|Any CPU
		{8F5FD05C-5DF2-4489-B82F-23A7D9ED8F41}.Debug|Any CPU.Build.0 = Debug|Any CPU
		{8F5FD05C-5DF2-4489-B82F-23A7D9ED8F41}.Release|Any CPU.ActiveCfg = Release|Any CPU
		{8F5FD05C-5DF2-4489-B82F-23A7D9ED8F41}.Release|Any CPU.Build.0 = Release|Any CPU
		{B0E9DEA7-577B-4C7B-BE5F-1880FD6050B9}.Debug|Any CPU.ActiveCfg = Debug|Any CPU
		{B0E9DEA7-577B-4C7B-BE5F-1880FD6050B9}.Debug|Any CPU.Build.0 = Debug|Any CPU
		{B0E9DEA7-577B-4C7B-BE5F-1880FD6050B9}.Release|Any CPU.ActiveCfg = Release|Any CPU
		{B0E9DEA7-577B-4C7B-BE5F-1880FD6050B9}.Release|Any CPU.Build.0 = Release|Any CPU
		{21A558AE-9191-48EA-B77C-3D622AEAE3E6}.Debug|Any CPU.ActiveCfg = Debug|Any CPU
		{21A558AE-9191-48EA-B77C-3D622AEAE3E6}.Debug|Any CPU.Build.0 = Debug|Any CPU
		{21A558AE-9191-48EA-B77C-3D622AEAE3E6}.Release|Any CPU.ActiveCfg = Release|Any CPU
		{21A558AE-9191-48EA-B77C-3D622AEAE3E6}.Release|Any CPU.Build.0 = Release|Any CPU
	EndGlobalSection
	GlobalSection(SolutionProperties) = preSolution
		HideSolutionNode = FALSE
	EndGlobalSection
	GlobalSection(NestedProjects) = preSolution
		{4EEAE014-8A1A-433B-B96C-3741974BAE67} = {1137BDE2-47EF-4B1B-981C-46F096E3B0F8}
		{83A12D6B-61D9-4A95-9C34-31A0C1EA5B3B} = {482B053D-FA24-4E7B-B12A-38BD16A14ACB}
		{CA057D18-5FBF-416A-9ABF-5932B1BD5A3B} = {482B053D-FA24-4E7B-B12A-38BD16A14ACB}
		{FD43938A-F9C8-453E-AD07-A20C72B7B59F} = {482B053D-FA24-4E7B-B12A-38BD16A14ACB}
		{D86D3573-C0D8-4572-8EF9-954F47491FB8} = {340A15B7-07E3-4D3D-B694-90F3D819C631}
		{A43914BB-85F7-474D-B60D-26B0F74C5F52} = {340A15B7-07E3-4D3D-B694-90F3D819C631}
		{5791AFFB-586A-4D7B-8918-9EA703D99177} = {340A15B7-07E3-4D3D-B694-90F3D819C631}
		{FCEB2924-EF4A-4DAA-AD07-82257DC277A7} = {340A15B7-07E3-4D3D-B694-90F3D819C631}
		{8F5FD05C-5DF2-4489-B82F-23A7D9ED8F41} = {1137BDE2-47EF-4B1B-981C-46F096E3B0F8}
		{B0E9DEA7-577B-4C7B-BE5F-1880FD6050B9} = {4EEAE014-8A1A-433B-B96C-3741974BAE67}
		{21A558AE-9191-48EA-B77C-3D622AEAE3E6} = {482B053D-FA24-4E7B-B12A-38BD16A14ACB}
	EndGlobalSection
	GlobalSection(ExtensibilityGlobals) = postSolution
		SolutionGuid = {39CE2E34-67D8-4AC3-A380-CA43346835DC}
	EndGlobalSection
EndGlobal
